
Microsoft Visual Studio Solution File, Format Version 12.00
# Visual Studio Version 17
VisualStudioVersion = 17.0.32014.148
MinimumVisualStudioVersion = 10.0.40219.1
Project("{FAE04EC0-301F-11D3-BF4B-00C04F79EFBC}") = "AppOwnsDataMultiTenant", "AppOwnsDataMultiTenant.csproj", "{C3575ACA-38FC-4182-B7A2-4C3381FB9B70}"
EndProject
Global
	GlobalSection(SolutionConfigurationPlatforms) = preSolution
		Debug|Any CPU = Debug|Any CPU
		Release|Any CPU = Release|Any CPU
	EndGlobalSection
	GlobalSection(ProjectConfigurationPlatforms) = postSolution
		{C3575ACA-38FC-4182-B7A2-4C3381FB9B70}.Debug|Any CPU.ActiveCfg = Debug|Any CPU
		{C3575ACA-38FC-4182-B7A2-4C3381FB9B70}.Debug|Any CPU.Build.0 = Debug|Any CPU
		{C3575ACA-38FC-4182-B7A2-4C3381FB9B70}.Release|Any CPU.ActiveCfg = Release|Any CPU
		{C3575ACA-38FC-4182-B7A2-4C3381FB9B70}.Release|Any CPU.Build.0 = Release|Any CPU
	EndGlobalSection
	GlobalSection(SolutionProperties) = preSolution
		HideSolutionNode = FALSE
	EndGlobalSection
	GlobalSection(ExtensibilityGlobals) = postSolution
		SolutionGuid = {2AF12397-85F3-45B0-9718-C2BAB41B6496}
	EndGlobalSection
EndGlobal
